// !$*UTF8*$!
{
	archiveVersion = 1;
	classes = {
	};
	objectVersion = 50;
	objects = {

/* Begin PBXBuildFile section */
		CCBC344F211F495600BF6E6D /* AppDelegate.swift in Sources */ = {isa = PBXBuildFile; fileRef = CCBC344E211F495600BF6E6D /* AppDelegate.swift */; };
		CCBC3451211F495600BF6E6D /* ViewController.swift in Sources */ = {isa = PBXBuildFile; fileRef = CCBC3450211F495600BF6E6D /* ViewController.swift */; };
		CCBC3454211F495600BF6E6D /* Main.storyboard in Resources */ = {isa = PBXBuildFile; fileRef = CCBC3452211F495600BF6E6D /* Main.storyboard */; };
		CCBC3456211F495800BF6E6D /* Assets.xcassets in Resources */ = {isa = PBXBuildFile; fileRef = CCBC3455211F495800BF6E6D /* Assets.xcassets */; };
		CCBC3459211F495800BF6E6D /* LaunchScreen.storyboard in Resources */ = {isa = PBXBuildFile; fileRef = CCBC3457211F495800BF6E6D /* LaunchScreen.storyboard */; };
		CCD980F42168A50C00C9B8D8 /* AlermTableViewController.swift in Sources */ = {isa = PBXBuildFile; fileRef = CCD980F32168A50C00C9B8D8 /* AlermTableViewController.swift */; };
		CCD980F82168AC8400C9B8D8 /* AlermTableViewCell.swift in Sources */ = {isa = PBXBuildFile; fileRef = CCD980F72168AC8400C9B8D8 /* AlermTableViewCell.swift */; };
		CCD980FC2168B5A100C9B8D8 /* Alerm.swift in Sources */ = {isa = PBXBuildFile; fileRef = CCD980FB2168B5A100C9B8D8 /* Alerm.swift */; };
		CCD981062168B67D00C9B8D8 /* WeatherAlermTests.swift in Sources */ = {isa = PBXBuildFile; fileRef = CCD981052168B67D00C9B8D8 /* WeatherAlermTests.swift */; };
/* End PBXBuildFile section */

/* Begin PBXContainerItemProxy section */
		CCD981082168B67D00C9B8D8 /* PBXContainerItemProxy */ = {
			isa = PBXContainerItemProxy;
			containerPortal = CCBC3443211F495600BF6E6D /* Project object */;
			proxyType = 1;
			remoteGlobalIDString = CCBC344A211F495600BF6E6D;
			remoteInfo = WeatherAlerm;
		};
/* End PBXContainerItemProxy section */

/* Begin PBXFileReference section */
		CCBC344B211F495600BF6E6D /* WeatherAlerm.app */ = {isa = PBXFileReference; explicitFileType = wrapper.application; includeInIndex = 0; path = WeatherAlerm.app; sourceTree = BUILT_PRODUCTS_DIR; };
		CCBC344E211F495600BF6E6D /* AppDelegate.swift */ = {isa = PBXFileReference; lastKnownFileType = sourcecode.swift; path = AppDelegate.swift; sourceTree = "<group>"; };
		CCBC3450211F495600BF6E6D /* ViewController.swift */ = {isa = PBXFileReference; lastKnownFileType = sourcecode.swift; path = ViewController.swift; sourceTree = "<group>"; };
		CCBC3453211F495600BF6E6D /* Base */ = {isa = PBXFileReference; lastKnownFileType = file.storyboard; name = Base; path = Base.lproj/Main.storyboard; sourceTree = "<group>"; };
		CCBC3455211F495800BF6E6D /* Assets.xcassets */ = {isa = PBXFileReference; lastKnownFileType = folder.assetcatalog; path = Assets.xcassets; sourceTree = "<group>"; };
		CCBC3458211F495800BF6E6D /* Base */ = {isa = PBXFileReference; lastKnownFileType = file.storyboard; name = Base; path = Base.lproj/LaunchScreen.storyboard; sourceTree = "<group>"; };
		CCBC345A211F495800BF6E6D /* Info.plist */ = {isa = PBXFileReference; lastKnownFileType = text.plist.xml; path = Info.plist; sourceTree = "<group>"; };
		CCD980F32168A50C00C9B8D8 /* AlermTableViewController.swift */ = {isa = PBXFileReference; lastKnownFileType = sourcecode.swift; path = AlermTableViewController.swift; sourceTree = "<group>"; };
		CCD980F72168AC8400C9B8D8 /* AlermTableViewCell.swift */ = {isa = PBXFileReference; lastKnownFileType = sourcecode.swift; path = AlermTableViewCell.swift; sourceTree = "<group>"; };
		CCD980FB2168B5A100C9B8D8 /* Alerm.swift */ = {isa = PBXFileReference; lastKnownFileType = sourcecode.swift; path = Alerm.swift; sourceTree = "<group>"; };
		CCD981032168B67D00C9B8D8 /* WeatherAlermTests.xctest */ = {isa = PBXFileReference; explicitFileType = wrapper.cfbundle; includeInIndex = 0; path = WeatherAlermTests.xctest; sourceTree = BUILT_PRODUCTS_DIR; };
		CCD981052168B67D00C9B8D8 /* WeatherAlermTests.swift */ = {isa = PBXFileReference; lastKnownFileType = sourcecode.swift; path = WeatherAlermTests.swift; sourceTree = "<group>"; };
		CCD981072168B67D00C9B8D8 /* Info.plist */ = {isa = PBXFileReference; lastKnownFileType = text.plist.xml; path = Info.plist; sourceTree = "<group>"; };
/* End PBXFileReference section */

/* Begin PBXFrameworksBuildPhase section */
		CCBC3448211F495600BF6E6D /* Frameworks */ = {
			isa = PBXFrameworksBuildPhase;
			buildActionMask = 2147483647;
			files = (
			);
			runOnlyForDeploymentPostprocessing = 0;
		};
		CCD981002168B67D00C9B8D8 /* Frameworks */ = {
			isa = PBXFrameworksBuildPhase;
			buildActionMask = 2147483647;
			files = (
			);
			runOnlyForDeploymentPostprocessing = 0;
		};
/* End PBXFrameworksBuildPhase section */

/* Begin PBXGroup section */
		CCBC3442211F495600BF6E6D = {
			isa = PBXGroup;
			children = (
				CCBC344D211F495600BF6E6D /* WeatherAlerm */,
				CCD981042168B67D00C9B8D8 /* WeatherAlermTests */,
				CCBC344C211F495600BF6E6D /* Products */,
			);
			sourceTree = "<group>";
		};
		CCBC344C211F495600BF6E6D /* Products */ = {
			isa = PBXGroup;
			children = (
				CCBC344B211F495600BF6E6D /* WeatherAlerm.app */,
				CCD981032168B67D00C9B8D8 /* WeatherAlermTests.xctest */,
			);
			name = Products;
			sourceTree = "<group>";
		};
		CCBC344D211F495600BF6E6D /* WeatherAlerm */ = {
			isa = PBXGroup;
			children = (
				CCBC344E211F495600BF6E6D /* AppDelegate.swift */,
				CCBC3450211F495600BF6E6D /* ViewController.swift */,
				CCD980F32168A50C00C9B8D8 /* AlermTableViewController.swift */,
				CCD980F72168AC8400C9B8D8 /* AlermTableViewCell.swift */,
				CCD980FB2168B5A100C9B8D8 /* Alerm.swift */,
				CCBC3452211F495600BF6E6D /* Main.storyboard */,
				CCBC3455211F495800BF6E6D /* Assets.xcassets */,
				CCBC3457211F495800BF6E6D /* LaunchScreen.storyboard */,
				CCBC345A211F495800BF6E6D /* Info.plist */,
			);
			path = WeatherAlerm;
			sourceTree = "<group>";
		};
		CCD981042168B67D00C9B8D8 /* WeatherAlermTests */ = {
			isa = PBXGroup;
			children = (
				CCD981052168B67D00C9B8D8 /* WeatherAlermTests.swift */,
				CCD981072168B67D00C9B8D8 /* Info.plist */,
			);
			path = WeatherAlermTests;
			sourceTree = "<group>";
		};
/* End PBXGroup section */

/* Begin PBXNativeTarget section */
		CCBC344A211F495600BF6E6D /* WeatherAlerm */ = {
			isa = PBXNativeTarget;
			buildConfigurationList = CCBC345D211F495800BF6E6D /* Build configuration list for PBXNativeTarget "WeatherAlerm" */;
			buildPhases = (
				CCBC3447211F495600BF6E6D /* Sources */,
				CCBC3448211F495600BF6E6D /* Frameworks */,
				CCBC3449211F495600BF6E6D /* Resources */,
			);
			buildRules = (
			);
			dependencies = (
			);
			name = WeatherAlerm;
			productName = WeatherAlerm;
			productReference = CCBC344B211F495600BF6E6D /* WeatherAlerm.app */;
			productType = "com.apple.product-type.application";
		};
		CCD981022168B67D00C9B8D8 /* WeatherAlermTests */ = {
			isa = PBXNativeTarget;
			buildConfigurationList = CCD9810A2168B67D00C9B8D8 /* Build configuration list for PBXNativeTarget "WeatherAlermTests" */;
			buildPhases = (
				CCD980FF2168B67D00C9B8D8 /* Sources */,
				CCD981002168B67D00C9B8D8 /* Frameworks */,
				CCD981012168B67D00C9B8D8 /* Resources */,
			);
			buildRules = (
			);
			dependencies = (
				CCD981092168B67D00C9B8D8 /* PBXTargetDependency */,
			);
			name = WeatherAlermTests;
			productName = WeatherAlermTests;
			productReference = CCD981032168B67D00C9B8D8 /* WeatherAlermTests.xctest */;
			productType = "com.apple.product-type.bundle.unit-test";
		};
/* End PBXNativeTarget section */

/* Begin PBXProject section */
		CCBC3443211F495600BF6E6D /* Project object */ = {
			isa = PBXProject;
			attributes = {
				LastSwiftUpdateCheck = 0940;
				LastUpgradeCheck = 0940;
				ORGANIZATIONNAME = "金子宏樹";
				TargetAttributes = {
					CCBC344A211F495600BF6E6D = {
						CreatedOnToolsVersion = 9.4.1;
					};
					CCD981022168B67D00C9B8D8 = {
						CreatedOnToolsVersion = 9.4.1;
						TestTargetID = CCBC344A211F495600BF6E6D;
					};
				};
			};
			buildConfigurationList = CCBC3446211F495600BF6E6D /* Build configuration list for PBXProject "WeatherAlerm" */;
			compatibilityVersion = "Xcode 9.3";
			developmentRegion = en;
			hasScannedForEncodings = 0;
			knownRegions = (
				en,
				Base,
			);
			mainGroup = CCBC3442211F495600BF6E6D;
			productRefGroup = CCBC344C211F495600BF6E6D /* Products */;
			projectDirPath = "";
			projectRoot = "";
			targets = (
				CCBC344A211F495600BF6E6D /* WeatherAlerm */,
				CCD981022168B67D00C9B8D8 /* WeatherAlermTests */,
			);
		};
/* End PBXProject section */

/* Begin PBXResourcesBuildPhase section */
		CCBC3449211F495600BF6E6D /* Resources */ = {
			isa = PBXResourcesBuildPhase;
			buildActionMask = 2147483647;
			files = (
				CCBC3459211F495800BF6E6D /* LaunchScreen.storyboard in Resources */,
				CCBC3456211F495800BF6E6D /* Assets.xcassets in Resources */,
				CCBC3454211F495600BF6E6D /* Main.storyboard in Resources */,
			);
			runOnlyForDeploymentPostprocessing = 0;
		};
		CCD981012168B67D00C9B8D8 /* Resources */ = {
			isa = PBXResourcesBuildPhase;
			buildActionMask = 2147483647;
			files = (
			);
			runOnlyForDeploymentPostprocessing = 0;
		};
/* End PBXResourcesBuildPhase section */

/* Begin PBXSourcesBuildPhase section */
		CCBC3447211F495600BF6E6D /* Sources */ = {
			isa = PBXSourcesBuildPhase;
			buildActionMask = 2147483647;
			files = (
				CCBC3451211F495600BF6E6D /* ViewController.swift in Sources */,
				CCD980F42168A50C00C9B8D8 /* AlermTableViewController.swift in Sources */,
				CCD980FC2168B5A100C9B8D8 /* Alerm.swift in Sources */,
				CCBC344F211F495600BF6E6D /* AppDelegate.swift in Sources */,
				CCD980F82168AC8400C9B8D8 /* AlermTableViewCell.swift in Sources */,
			);
			runOnlyForDeploymentPostprocessing = 0;
		};
		CCD980FF2168B67D00C9B8D8 /* Sources */ = {
			isa = PBXSourcesBuildPhase;
			buildActionMask = 2147483647;
			files = (
				CCD981062168B67D00C9B8D8 /* WeatherAlermTests.swift in Sources */,
			);
			runOnlyForDeploymentPostprocessing = 0;
		};
/* End PBXSourcesBuildPhase section */

/* Begin PBXTargetDependency section */
		CCD981092168B67D00C9B8D8 /* PBXTargetDependency */ = {
			isa = PBXTargetDependency;
			target = CCBC344A211F495600BF6E6D /* WeatherAlerm */;
			targetProxy = CCD981082168B67D00C9B8D8 /* PBXContainerItemProxy */;
		};
/* End PBXTargetDependency section */

/* Begin PBXVariantGroup section */
		CCBC3452211F495600BF6E6D /* Main.storyboard */ = {
			isa = PBXVariantGroup;
			children = (
				CCBC3453211F495600BF6E6D /* Base */,
			);
			name = Main.storyboard;
			sourceTree = "<group>";
		};
		CCBC3457211F495800BF6E6D /* LaunchScreen.storyboard */ = {
			isa = PBXVariantGroup;
			children = (
				CCBC3458211F495800BF6E6D /* Base */,
			);
			name = LaunchScreen.storyboard;
			sourceTree = "<group>";
		};
/* End PBXVariantGroup section */

/* Begin XCBuildConfiguration section */
		CCBC345B211F495800BF6E6D /* Debug */ = {
			isa = XCBuildConfiguration;
			buildSettings = {
				ALWAYS_SEARCH_USER_PATHS = NO;
				CLANG_ANALYZER_NONNULL = YES;
				CLANG_ANALYZER_NUMBER_OBJECT_CONVERSION = YES_AGGRESSIVE;
				CLANG_CXX_LANGUAGE_STANDARD = "gnu++14";
				CLANG_CXX_LIBRARY = "libc++";
				CLANG_ENABLE_MODULES = YES;
				CLANG_ENABLE_OBJC_ARC = YES;
				CLANG_ENABLE_OBJC_WEAK = YES;
				CLANG_WARN_BLOCK_CAPTURE_AUTORELEASING = YES;
				CLANG_WARN_BOOL_CONVERSION = YES;
				CLANG_WARN_COMMA = YES;
				CLANG_WARN_CONSTANT_CONVERSION = YES;
				CLANG_WARN_DEPRECATED_OBJC_IMPLEMENTATIONS = YES;
				CLANG_WARN_DIRECT_OBJC_ISA_USAGE = YES_ERROR;
				CLANG_WARN_DOCUMENTATION_COMMENTS = YES;
				CLANG_WARN_EMPTY_BODY = YES;
				CLANG_WARN_ENUM_CONVERSION = YES;
				CLANG_WARN_INFINITE_RECURSION = YES;
				CLANG_WARN_INT_CONVERSION = YES;
				CLANG_WARN_NON_LITERAL_NULL_CONVERSION = YES;
				CLANG_WARN_OBJC_IMPLICIT_RETAIN_SELF = YES;
				CLANG_WARN_OBJC_LITERAL_CONVERSION = YES;
				CLANG_WARN_OBJC_ROOT_CLASS = YES_ERROR;
				CLANG_WARN_RANGE_LOOP_ANALYSIS = YES;
				CLANG_WARN_STRICT_PROTOTYPES = YES;
				CLANG_WARN_SUSPICIOUS_MOVE = YES;
				CLANG_WARN_UNGUARDED_AVAILABILITY = YES_AGGRESSIVE;
				CLANG_WARN_UNREACHABLE_CODE = YES;
				CLANG_WARN__DUPLICATE_METHOD_MATCH = YES;
				CODE_SIGN_IDENTITY = "iPhone Developer";
				COPY_PHASE_STRIP = NO;
				DEBUG_INFORMATION_FORMAT = dwarf;
				ENABLE_STRICT_OBJC_MSGSEND = YES;
				ENABLE_TESTABILITY = YES;
				GCC_C_LANGUAGE_STANDARD = gnu11;
				GCC_DYNAMIC_NO_PIC = NO;
				GCC_NO_COMMON_BLOCKS = YES;
				GCC_OPTIMIZATION_LEVEL = 0;
				GCC_PREPROCESSOR_DEFINITIONS = (
					"DEBUG=1",
					"$(inherited)",
				);
				GCC_WARN_64_TO_32_BIT_CONVERSION = YES;
				GCC_WARN_ABOUT_RETURN_TYPE = YES_ERROR;
				GCC_WARN_UNDECLARED_SELECTOR = YES;
				GCC_WARN_UNINITIALIZED_AUTOS = YES_AGGRESSIVE;
				GCC_WARN_UNUSED_FUNCTION = YES;
				GCC_WARN_UNUSED_VARIABLE = YES;
				IPHONEOS_DEPLOYMENT_TARGET = 11.4;
				MTL_ENABLE_DEBUG_INFO = YES;
				ONLY_ACTIVE_ARCH = YES;
				SDKROOT = iphoneos;
				SWIFT_ACTIVE_COMPILATION_CONDITIONS = DEBUG;
				SWIFT_OPTIMIZATION_LEVEL = "-Onone";
			};
			name = Debug;
		};
		CCBC345C211F495800BF6E6D /* Release */ = {
			isa = XCBuildConfiguration;
			buildSettings = {
				ALWAYS_SEARCH_USER_PATHS = NO;
				CLANG_ANALYZER_NONNULL = YES;
				CLANG_ANALYZER_NUMBER_OBJECT_CONVERSION = YES_AGGRESSIVE;
				CLANG_CXX_LANGUAGE_STANDARD = "gnu++14";
				CLANG_CXX_LIBRARY = "libc++";
				CLANG_ENABLE_MODULES = YES;
				CLANG_ENABLE_OBJC_ARC = YES;
				CLANG_ENABLE_OBJC_WEAK = YES;
				CLANG_WARN_BLOCK_CAPTURE_AUTORELEASING = YES;
				CLANG_WARN_BOOL_CONVERSION = YES;
				CLANG_WARN_COMMA = YES;
				CLANG_WARN_CONSTANT_CONVERSION = YES;
				CLANG_WARN_DEPRECATED_OBJC_IMPLEMENTATIONS = YES;
				CLANG_WARN_DIRECT_OBJC_ISA_USAGE = YES_ERROR;
				CLANG_WARN_DOCUMENTATION_COMMENTS = YES;
				CLANG_WARN_EMPTY_BODY = YES;
				CLANG_WARN_ENUM_CONVERSION = YES;
				CLANG_WARN_INFINITE_RECURSION = YES;
				CLANG_WARN_INT_CONVERSION = YES;
				CLANG_WARN_NON_LITERAL_NULL_CONVERSION = YES;
				CLANG_WARN_OBJC_IMPLICIT_RETAIN_SELF = YES;
				CLANG_WARN_OBJC_LITERAL_CONVERSION = YES;
				CLANG_WARN_OBJC_ROOT_CLASS = YES_ERROR;
				CLANG_WARN_RANGE_LOOP_ANALYSIS = YES;
				CLANG_WARN_STRICT_PROTOTYPES = YES;
				CLANG_WARN_SUSPICIOUS_MOVE = YES;
				CLANG_WARN_UNGUARDED_AVAILABILITY = YES_AGGRESSIVE;
				CLANG_WARN_UNREACHABLE_CODE = YES;
				CLANG_WARN__DUPLICATE_METHOD_MATCH = YES;
				CODE_SIGN_IDENTITY = "iPhone Developer";
				COPY_PHASE_STRIP = NO;
				DEBUG_INFORMATION_FORMAT = "dwarf-with-dsym";
				ENABLE_NS_ASSERTIONS = NO;
				ENABLE_STRICT_OBJC_MSGSEND = YES;
				GCC_C_LANGUAGE_STANDARD = gnu11;
				GCC_NO_COMMON_BLOCKS = YES;
				GCC_WARN_64_TO_32_BIT_CONVERSION = YES;
				GCC_WARN_ABOUT_RETURN_TYPE = YES_ERROR;
				GCC_WARN_UNDECLARED_SELECTOR = YES;
				GCC_WARN_UNINITIALIZED_AUTOS = YES_AGGRESSIVE;
				GCC_WARN_UNUSED_FUNCTION = YES;
				GCC_WARN_UNUSED_VARIABLE = YES;
				IPHONEOS_DEPLOYMENT_TARGET = 11.4;
				MTL_ENABLE_DEBUG_INFO = NO;
				SDKROOT = iphoneos;
				SWIFT_COMPILATION_MODE = wholemodule;
				SWIFT_OPTIMIZATION_LEVEL = "-O";
				VALIDATE_PRODUCT = YES;
			};
			name = Release;
		};
		CCBC345E211F495800BF6E6D /* Debug */ = {
			isa = XCBuildConfiguration;
			buildSettings = {
				ASSETCATALOG_COMPILER_APPICON_NAME = AppIcon;
				CODE_SIGN_STYLE = Automatic;
				DEVELOPMENT_TEAM = 5V8ECGU29B;
				INFOPLIST_FILE = WeatherAlerm/Info.plist;
				LD_RUNPATH_SEARCH_PATHS = (
					"$(inherited)",
					"@executable_path/Frameworks",
				);
				PRODUCT_BUNDLE_IDENTIFIER = com.icloud.knk.hrk.WeatherAlerm;
				PRODUCT_NAME = "$(TARGET_NAME)";
				SWIFT_VERSION = 4.0;
				TARGETED_DEVICE_FAMILY = "1,2";
			};
			name = Debug;
		};
		CCBC345F211F495800BF6E6D /* Release */ = {
			isa = XCBuildConfiguration;
			buildSettings = {
				ASSETCATALOG_COMPILER_APPICON_NAME = AppIcon;
				CODE_SIGN_STYLE = Automatic;
				DEVELOPMENT_TEAM = 5V8ECGU29B;
				INFOPLIST_FILE = WeatherAlerm/Info.plist;
				LD_RUNPATH_SEARCH_PATHS = (
					"$(inherited)",
					"@executable_path/Frameworks",
				);
				PRODUCT_BUNDLE_IDENTIFIER = com.icloud.knk.hrk.WeatherAlerm;
				PRODUCT_NAME = "$(TARGET_NAME)";
				SWIFT_VERSION = 4.0;
				TARGETED_DEVICE_FAMILY = "1,2";
			};
			name = Release;
		};
		CCD9810B2168B67D00C9B8D8 /* Debug */ = {
			isa = XCBuildConfiguration;
			buildSettings = {
				BUNDLE_LOADER = "$(TEST_HOST)";
				CODE_SIGN_STYLE = Automatic;
				DEVELOPMENT_TEAM = 5V8ECGU29B;
				INFOPLIST_FILE = WeatherAlermTests/Info.plist;
				LD_RUNPATH_SEARCH_PATHS = (
					"$(inherited)",
					"@executable_path/Frameworks",
					"@loader_path/Frameworks",
				);
				PRODUCT_BUNDLE_IDENTIFIER = com.icloud.knk.hrk.WeatherAlermTests;
				PRODUCT_NAME = "$(TARGET_NAME)";
				SWIFT_VERSION = 4.0;
				TARGETED_DEVICE_FAMILY = "1,2";
				TEST_HOST = "$(BUILT_PRODUCTS_DIR)/WeatherAlerm.app/WeatherAlerm";
			};
			name = Debug;
		};
		CCD9810C2168B67D00C9B8D8 /* Release */ = {
			isa = XCBuildConfiguration;
			buildSettings = {
				BUNDLE_LOADER = "$(TEST_HOST)";
				CODE_SIGN_STYLE = Automatic;
				DEVELOPMENT_TEAM = 5V8ECGU29B;
				INFOPLIST_FILE = WeatherAlermTests/Info.plist;
				LD_RUNPATH_SEARCH_PATHS = (
					"$(inherited)",
					"@executable_path/Frameworks",
					"@loader_path/Frameworks",
				);
				PRODUCT_BUNDLE_IDENTIFIER = com.icloud.knk.hrk.WeatherAlermTests;
				PRODUCT_NAME = "$(TARGET_NAME)";
				SWIFT_VERSION = 4.0;
				TARGETED_DEVICE_FAMILY = "1,2";
				TEST_HOST = "$(BUILT_PRODUCTS_DIR)/WeatherAlerm.app/WeatherAlerm";
			};
			name = Release;
		};
/* End XCBuildConfiguration section */

/* Begin XCConfigurationList section */
		CCBC3446211F495600BF6E6D /* Build configuration list for PBXProject "WeatherAlerm" */ = {
			isa = XCConfigurationList;
			buildConfigurations = (
				CCBC345B211F495800BF6E6D /* Debug */,
				CCBC345C211F495800BF6E6D /* Release */,
			);
			defaultConfigurationIsVisible = 0;
			defaultConfigurationName = Release;
		};
		CCBC345D211F495800BF6E6D /* Build configuration list for PBXNativeTarget "WeatherAlerm" */ = {
			isa = XCConfigurationList;
			buildConfigurations = (
				CCBC345E211F495800BF6E6D /* Debug */,
				CCBC345F211F495800BF6E6D /* Release */,
			);
			defaultConfigurationIsVisible = 0;
			defaultConfigurationName = Release;
		};
		CCD9810A2168B67D00C9B8D8 /* Build configuration list for PBXNativeTarget "WeatherAlermTests" */ = {
			isa = XCConfigurationList;
			buildConfigurations = (
				CCD9810B2168B67D00C9B8D8 /* Debug */,
				CCD9810C2168B67D00C9B8D8 /* Release */,
			);
			defaultConfigurationIsVisible = 0;
			defaultConfigurationName = Release;
		};
/* End XCConfigurationList section */
	};
	rootObject = CCBC3443211F495600BF6E6D /* Project object */;
}
